
Microsoft Visual Studio Solution File, Format Version 12.00
# Visual Studio Version 17
VisualStudioVersion = 17.0.31903.59
MinimumVisualStudioVersion = 10.0.40219.1
Project("{FAE04EC0-301F-11D3-BF4B-00C04F79EFBC}") = "BlazorApp", "BlazorApp\BlazorApp.csproj", "{CDAEDE1C-7F94-49D3-A860-5F0BEED92191}"
EndProject
Project("{FAE04EC0-301F-11D3-BF4B-00C04F79EFBC}") = "BlazorToDoList", "..\BlazorToDoList\BlazorToDoList\BlazorToDoList.csproj", "{469C3170-E276-43BF-A3FE-FFBB308DA651}"
EndProject
Global
	GlobalSection(SolutionConfigurationPlatforms) = preSolution
		Debug|Any CPU = Debug|Any CPU
		Debug|x64 = Debug|x64
		Debug|x86 = Debug|x86
		Release|Any CPU = Release|Any CPU
		Release|x64 = Release|x64
		Release|x86 = Release|x86
	EndGlobalSection
	GlobalSection(ProjectConfigurationPlatforms) = postSolution
		{CDAEDE1C-7F94-49D3-A860-5F0BEED92191}.Debug|Any CPU.ActiveCfg = Debug|Any CPU
		{CDAEDE1C-7F94-49D3-A860-5F0BEED92191}.Debug|Any CPU.Build.0 = Debug|Any CPU
		{CDAEDE1C-7F94-49D3-A860-5F0BEED92191}.Debug|x64.ActiveCfg = Debug|Any CPU
		{CDAEDE1C-7F94-49D3-A860-5F0BEED92191}.Debug|x64.Build.0 = Debug|Any CPU
		{CDAEDE1C-7F94-49D3-A860-5F0BEED92191}.Debug|x86.ActiveCfg = Debug|Any CPU
		{CDAEDE1C-7F94-49D3-A860-5F0BEED92191}.Debug|x86.Build.0 = Debug|Any CPU
		{CDAEDE1C-7F94-49D3-A860-5F0BEED92191}.Release|Any CPU.ActiveCfg = Release|Any CPU
		{CDAEDE1C-7F94-49D3-A860-5F0BEED92191}.Release|Any CPU.Build.0 = Release|Any CPU
		{CDAEDE1C-7F94-49D3-A860-5F0BEED92191}.Release|x64.ActiveCfg = Release|Any CPU
		{CDAEDE1C-7F94-49D3-A860-5F0BEED92191}.Release|x64.Build.0 = Release|Any CPU
		{CDAEDE1C-7F94-49D3-A860-5F0BEED92191}.Release|x86.ActiveCfg = Release|Any CPU
		{CDAEDE1C-7F94-49D3-A860-5F0BEED92191}.Release|x86.Build.0 = Release|Any CPU
		{469C3170-E276-43BF-A3FE-FFBB308DA651}.Debug|Any CPU.ActiveCfg = Debug|Any CPU
		{469C3170-E276-43BF-A3FE-FFBB308DA651}.Debug|Any CPU.Build.0 = Debug|Any CPU
		{469C3170-E276-43BF-A3FE-FFBB308DA651}.Debug|x64.ActiveCfg = Debug|Any CPU
		{469C3170-E276-43BF-A3FE-FFBB308DA651}.Debug|x64.Build.0 = Debug|Any CPU
		{469C3170-E276-43BF-A3FE-FFBB308DA651}.Debug|x86.ActiveCfg = Debug|Any CPU
		{469C3170-E276-43BF-A3FE-FFBB308DA651}.Debug|x86.Build.0 = Debug|Any CPU
		{469C3170-E276-43BF-A3FE-FFBB308DA651}.Release|Any CPU.ActiveCfg = Release|Any CPU
		{469C3170-E276-43BF-A3FE-FFBB308DA651}.Release|Any CPU.Build.0 = Release|Any CPU
		{469C3170-E276-43BF-A3FE-FFBB308DA651}.Release|x64.ActiveCfg = Release|Any CPU
		{469C3170-E276-43BF-A3FE-FFBB308DA651}.Release|x64.Build.0 = Release|Any CPU
		{469C3170-E276-43BF-A3FE-FFBB308DA651}.Release|x86.ActiveCfg = Release|Any CPU
		{469C3170-E276-43BF-A3FE-FFBB308DA651}.Release|x86.Build.0 = Release|Any CPU
	EndGlobalSection
	GlobalSection(SolutionProperties) = preSolution
		HideSolutionNode = FALSE
	EndGlobalSection
EndGlobal
